
Microsoft Visual Studio Solution File, Format Version 12.00
# Visual Studio Version 17
VisualStudioVersion = 17.0.32112.339
MinimumVisualStudioVersion = 10.0.40219.1
Project("{FAE04EC0-301F-11D3-BF4B-00C04F79EFBC}") = "ConsoleApp1", "ConsoleApp1\ConsoleApp1.csproj", "{165BF37A-E28D-4A37-89AE-017B96C4D23A}"
EndProject
Global
	GlobalSection(SolutionConfigurationPlatforms) = preSolution
		Debug|Any CPU = Debug|Any CPU
		Release|Any CPU = Release|Any CPU
	EndGlobalSection
	GlobalSection(ProjectConfigurationPlatforms) = postSolution
		{165BF37A-E28D-4A37-89AE-017B96C4D23A}.Debug|Any CPU.ActiveCfg = Debug|Any CPU
		{165BF37A-E28D-4A37-89AE-017B96C4D23A}.Debug|Any CPU.Build.0 = Debug|Any CPU
		{165BF37A-E28D-4A37-89AE-017B96C4D23A}.Release|Any CPU.ActiveCfg = Release|Any CPU
		{165BF37A-E28D-4A37-89AE-017B96C4D23A}.Release|Any CPU.Build.0 = Release|Any CPU
	EndGlobalSection
	GlobalSection(SolutionProperties) = preSolution
		HideSolutionNode = FALSE
	EndGlobalSection
	GlobalSection(ExtensibilityGlobals) = postSolution
		SolutionGuid = {8228EE95-E34B-4553-9F15-B04536923710}
	EndGlobalSection
EndGlobal
